
Microsoft Visual Studio Solution File, Format Version 12.00
# Visual Studio Version 16
VisualStudioVersion = 16.0.31729.503
MinimumVisualStudioVersion = 10.0.40219.1
Project("{FAE04EC0-301F-11D3-BF4B-00C04F79EFBC}") = "Portfolio", "Portfolio\Portfolio.csproj", "{BCEA15B8-15A7-4AC2-B6C4-AB9D6C92191D}"
EndProject
Global
	GlobalSection(SolutionConfigurationPlatforms) = preSolution
		Debug|Any CPU = Debug|Any CPU
		Release|Any CPU = Release|Any CPU
	EndGlobalSection
	GlobalSection(ProjectConfigurationPlatforms) = postSolution
		{BCEA15B8-15A7-4AC2-B6C4-AB9D6C92191D}.Debug|Any CPU.ActiveCfg = Debug|Any CPU
		{BCEA15B8-15A7-4AC2-B6C4-AB9D6C92191D}.Debug|Any CPU.Build.0 = Debug|Any CPU
		{BCEA15B8-15A7-4AC2-B6C4-AB9D6C92191D}.Release|Any CPU.ActiveCfg = Release|Any CPU
		{BCEA15B8-15A7-4AC2-B6C4-AB9D6C92191D}.Release|Any CPU.Build.0 = Release|Any CPU
	EndGlobalSection
	GlobalSection(SolutionProperties) = preSolution
		HideSolutionNode = FALSE
	EndGlobalSection
	GlobalSection(ExtensibilityGlobals) = postSolution
		SolutionGuid = {EDDC380C-BB9E-4D8F-8148-0CBB31FBF2CD}
	EndGlobalSection
EndGlobal
